
Microsoft Visual Studio Solution File, Format Version 12.00
# Visual Studio 15
VisualStudioVersion = 15.0.28307.1433
MinimumVisualStudioVersion = 10.0.40219.1
Project("{8BC9CEB8-8B4A-11D0-8D11-00A0C91BC942}") = "ConsoleApplication1", "ConsoleApplication1\ConsoleApplication1.vcxproj", "{896AABF2-B0AB-41FB-A2FA-D304AEE33CCB}"
EndProject
Global
	GlobalSection(SolutionConfigurationPlatforms) = preSolution
		Debug|x64 = Debug|x64
		Debug|x86 = Debug|x86
		Release|x64 = Release|x64
		Release|x86 = Release|x86
	EndGlobalSection
	GlobalSection(ProjectConfigurationPlatforms) = postSolution
		{896AABF2-B0AB-41FB-A2FA-D304AEE33CCB}.Debug|x64.ActiveCfg = Debug|x64
		{896AABF2-B0AB-41FB-A2FA-D304AEE33CCB}.Debug|x64.Build.0 = Debug|x64
		{896AABF2-B0AB-41FB-A2FA-D304AEE33CCB}.Debug|x86.ActiveCfg = Debug|Win32
		{896AABF2-B0AB-41FB-A2FA-D304AEE33CCB}.Debug|x86.Build.0 = Debug|Win32
		{896AABF2-B0AB-41FB-A2FA-D304AEE33CCB}.Release|x64.ActiveCfg = Release|x64
		{896AABF2-B0AB-41FB-A2FA-D304AEE33CCB}.Release|x64.Build.0 = Release|x64
		{896AABF2-B0AB-41FB-A2FA-D304AEE33CCB}.Release|x86.ActiveCfg = Release|Win32
		{896AABF2-B0AB-41FB-A2FA-D304AEE33CCB}.Release|x86.Build.0 = Release|Win32
	EndGlobalSection
	GlobalSection(SolutionProperties) = preSolution
		HideSolutionNode = FALSE
	EndGlobalSection
	GlobalSection(ExtensibilityGlobals) = postSolution
		SolutionGuid = {7B78626C-7EB4-42DA-9D64-9C798BC7FD27}
	EndGlobalSection
EndGlobal
